// !$*UTF8*$!
{
	archiveVersion = 1;
	classes = {
	};
	objectVersion = 50;
	objects = {

/* Begin PBXBuildFile section */
		00421D2322377BB600B30D67 /* AppDelegate.swift in Sources */ = {isa = PBXBuildFile; fileRef = 00421D2222377BB600B30D67 /* AppDelegate.swift */; };
		00421D2522377BB600B30D67 /* ViewController.swift in Sources */ = {isa = PBXBuildFile; fileRef = 00421D2422377BB600B30D67 /* ViewController.swift */; };
		00421D2822377BB600B30D67 /* Main.storyboard in Resources */ = {isa = PBXBuildFile; fileRef = 00421D2622377BB600B30D67 /* Main.storyboard */; };
		00421D2A22377BC900B30D67 /* Assets.xcassets in Resources */ = {isa = PBXBuildFile; fileRef = 00421D2922377BC900B30D67 /* Assets.xcassets */; };
		00421D2D22377BC900B30D67 /* LaunchScreen.storyboard in Resources */ = {isa = PBXBuildFile; fileRef = 00421D2B22377BC900B30D67 /* LaunchScreen.storyboard */; };
		00421D35223A08E500B30D67 /* AboutViewController.swift in Sources */ = {isa = PBXBuildFile; fileRef = 00421D34223A08E400B30D67 /* AboutViewController.swift */; };
/* End PBXBuildFile section */

/* Begin PBXFileReference section */
		00421D1F22377BB600B30D67 /* BullsEye2.app */ = {isa = PBXFileReference; explicitFileType = wrapper.application; includeInIndex = 0; path = BullsEye2.app; sourceTree = BUILT_PRODUCTS_DIR; };
		00421D2222377BB600B30D67 /* AppDelegate.swift */ = {isa = PBXFileReference; lastKnownFileType = sourcecode.swift; path = AppDelegate.swift; sourceTree = "<group>"; };
		00421D2422377BB600B30D67 /* ViewController.swift */ = {isa = PBXFileReference; lastKnownFileType = sourcecode.swift; path = ViewController.swift; sourceTree = "<group>"; };
		00421D2722377BB600B30D67 /* Base */ = {isa = PBXFileReference; lastKnownFileType = file.storyboard; name = Base; path = Base.lproj/Main.storyboard; sourceTree = "<group>"; };
		00421D2922377BC900B30D67 /* Assets.xcassets */ = {isa = PBXFileReference; lastKnownFileType = folder.assetcatalog; path = Assets.xcassets; sourceTree = "<group>"; };
		00421D2C22377BC900B30D67 /* Base */ = {isa = PBXFileReference; lastKnownFileType = file.storyboard; name = Base; path = Base.lproj/LaunchScreen.storyboard; sourceTree = "<group>"; };
		00421D2E22377BC900B30D67 /* Info.plist */ = {isa = PBXFileReference; lastKnownFileType = text.plist.xml; path = Info.plist; sourceTree = "<group>"; };
		00421D34223A08E400B30D67 /* AboutViewController.swift */ = {isa = PBXFileReference; lastKnownFileType = sourcecode.swift; path = AboutViewController.swift; sourceTree = "<group>"; };
/* End PBXFileReference section */

/* Begin PBXFrameworksBuildPhase section */
		00421D1C22377BB600B30D67 /* Frameworks */ = {
			isa = PBXFrameworksBuildPhase;
			buildActionMask = 2147483647;
			files = (
			);
			runOnlyForDeploymentPostprocessing = 0;
		};
/* End PBXFrameworksBuildPhase section */

/* Begin PBXGroup section */
		00421D1622377BB600B30D67 = {
			isa = PBXGroup;
			children = (
				00421D2122377BB600B30D67 /* BullsEye2 */,
				00421D2022377BB600B30D67 /* Products */,
			);
			sourceTree = "<group>";
		};
		00421D2022377BB600B30D67 /* Products */ = {
			isa = PBXGroup;
			children = (
				00421D1F22377BB600B30D67 /* BullsEye2.app */,
			);
			name = Products;
			sourceTree = "<group>";
		};
		00421D2122377BB600B30D67 /* BullsEye2 */ = {
			isa = PBXGroup;
			children = (
				00421D2222377BB600B30D67 /* AppDelegate.swift */,
				00421D2422377BB600B30D67 /* ViewController.swift */,
				00421D34223A08E400B30D67 /* AboutViewController.swift */,
				00421D2622377BB600B30D67 /* Main.storyboard */,
				00421D2922377BC900B30D67 /* Assets.xcassets */,
				00421D2B22377BC900B30D67 /* LaunchScreen.storyboard */,
				00421D2E22377BC900B30D67 /* Info.plist */,
			);
			path = BullsEye2;
			sourceTree = "<group>";
		};
/* End PBXGroup section */

/* Begin PBXNativeTarget section */
		00421D1E22377BB600B30D67 /* BullsEye2 */ = {
			isa = PBXNativeTarget;
			buildConfigurationList = 00421D3122377BC900B30D67 /* Build configuration list for PBXNativeTarget "BullsEye2" */;
			buildPhases = (
				00421D1B22377BB600B30D67 /* Sources */,
				00421D1C22377BB600B30D67 /* Frameworks */,
				00421D1D22377BB600B30D67 /* Resources */,
			);
			buildRules = (
			);
			dependencies = (
			);
			name = BullsEye2;
			productName = BullsEye2;
			productReference = 00421D1F22377BB600B30D67 /* BullsEye2.app */;
			productType = "com.apple.product-type.application";
		};
/* End PBXNativeTarget section */

/* Begin PBXProject section */
		00421D1722377BB600B30D67 /* Project object */ = {
			isa = PBXProject;
			attributes = {
				LastSwiftUpdateCheck = 1010;
				LastUpgradeCheck = 1010;
				ORGANIZATIONNAME = AamirsMac;
				TargetAttributes = {
					00421D1E22377BB600B30D67 = {
						CreatedOnToolsVersion = 10.1;
					};
				};
			};
			buildConfigurationList = 00421D1A22377BB600B30D67 /* Build configuration list for PBXProject "BullsEye2" */;
			compatibilityVersion = "Xcode 9.3";
			developmentRegion = en;
			hasScannedForEncodings = 0;
			knownRegions = (
				en,
				Base,
			);
			mainGroup = 00421D1622377BB600B30D67;
			productRefGroup = 00421D2022377BB600B30D67 /* Products */;
			projectDirPath = "";
			projectRoot = "";
			targets = (
				00421D1E22377BB600B30D67 /* BullsEye2 */,
			);
		};
/* End PBXProject section */

/* Begin PBXResourcesBuildPhase section */
		00421D1D22377BB600B30D67 /* Resources */ = {
			isa = PBXResourcesBuildPhase;
			buildActionMask = 2147483647;
			files = (
				00421D2D22377BC900B30D67 /* LaunchScreen.storyboard in Resources */,
				00421D2A22377BC900B30D67 /* Assets.xcassets in Resources */,
				00421D2822377BB600B30D67 /* Main.storyboard in Resources */,
			);
			runOnlyForDeploymentPostprocessing = 0;
		};
/* End PBXResourcesBuildPhase section */

/* Begin PBXSourcesBuildPhase section */
		00421D1B22377BB600B30D67 /* Sources */ = {
			isa = PBXSourcesBuildPhase;
			buildActionMask = 2147483647;
			files = (
				00421D35223A08E500B30D67 /* AboutViewController.swift in Sources */,
				00421D2522377BB600B30D67 /* ViewController.swift in Sources */,
				00421D2322377BB600B30D67 /* AppDelegate.swift in Sources */,
			);
			runOnlyForDeploymentPostprocessing = 0;
		};
/* End PBXSourcesBuildPhase section */

/* Begin PBXVariantGroup section */
		00421D2622377BB600B30D67 /* Main.storyboard */ = {
			isa = PBXVariantGroup;
			children = (
				00421D2722377BB600B30D67 /* Base */,
			);
			name = Main.storyboard;
			sourceTree = "<group>";
		};
		00421D2B22377BC900B30D67 /* LaunchScreen.storyboard */ = {
			isa = PBXVariantGroup;
			children = (
				00421D2C22377BC900B30D67 /* Base */,
			);
			name = LaunchScreen.storyboard;
			sourceTree = "<group>";
		};
/* End PBXVariantGroup section */

/* Begin XCBuildConfiguration section */
		00421D2F22377BC900B30D67 /* Debug */ = {
			isa = XCBuildConfiguration;
			buildSettings = {
				ALWAYS_SEARCH_USER_PATHS = NO;
				CLANG_ANALYZER_NONNULL = YES;
				CLANG_ANALYZER_NUMBER_OBJECT_CONVERSION = YES_AGGRESSIVE;
				CLANG_CXX_LANGUAGE_STANDARD = "gnu++14";
				CLANG_CXX_LIBRARY = "libc++";
				CLANG_ENABLE_MODULES = YES;
				CLANG_ENABLE_OBJC_ARC = YES;
				CLANG_ENABLE_OBJC_WEAK = YES;
				CLANG_WARN_BLOCK_CAPTURE_AUTORELEASING = YES;
				CLANG_WARN_BOOL_CONVERSION = YES;
				CLANG_WARN_COMMA = YES;
				CLANG_WARN_CONSTANT_CONVERSION = YES;
				CLANG_WARN_DEPRECATED_OBJC_IMPLEMENTATIONS = YES;
				CLANG_WARN_DIRECT_OBJC_ISA_USAGE = YES_ERROR;
				CLANG_WARN_DOCUMENTATION_COMMENTS = YES;
				CLANG_WARN_EMPTY_BODY = YES;
				CLANG_WARN_ENUM_CONVERSION = YES;
				CLANG_WARN_INFINITE_RECURSION = YES;
				CLANG_WARN_INT_CONVERSION = YES;
				CLANG_WARN_NON_LITERAL_NULL_CONVERSION = YES;
				CLANG_WARN_OBJC_IMPLICIT_RETAIN_SELF = YES;
				CLANG_WARN_OBJC_LITERAL_CONVERSION = YES;
				CLANG_WARN_OBJC_ROOT_CLASS = YES_ERROR;
				CLANG_WARN_RANGE_LOOP_ANALYSIS = YES;
				CLANG_WARN_STRICT_PROTOTYPES = YES;
				CLANG_WARN_SUSPICIOUS_MOVE = YES;
				CLANG_WARN_UNGUARDED_AVAILABILITY = YES_AGGRESSIVE;
				CLANG_WARN_UNREACHABLE_CODE = YES;
				CLANG_WARN__DUPLICATE_METHOD_MATCH = YES;
				CODE_SIGN_IDENTITY = "iPhone Developer";
				COPY_PHASE_STRIP = NO;
				DEBUG_INFORMATION_FORMAT = dwarf;
				ENABLE_STRICT_OBJC_MSGSEND = YES;
				ENABLE_TESTABILITY = YES;
				GCC_C_LANGUAGE_STANDARD = gnu11;
				GCC_DYNAMIC_NO_PIC = NO;
				GCC_NO_COMMON_BLOCKS = YES;
				GCC_OPTIMIZATION_LEVEL = 0;
				GCC_PREPROCESSOR_DEFINITIONS = (
					"DEBUG=1",
					"$(inherited)",
				);
				GCC_WARN_64_TO_32_BIT_CONVERSION = YES;
				GCC_WARN_ABOUT_RETURN_TYPE = YES_ERROR;
				GCC_WARN_UNDECLARED_SELECTOR = YES;
				GCC_WARN_UNINITIALIZED_AUTOS = YES_AGGRESSIVE;
				GCC_WARN_UNUSED_FUNCTION = YES;
				GCC_WARN_UNUSED_VARIABLE = YES;
				IPHONEOS_DEPLOYMENT_TARGET = 12.1;
				MTL_ENABLE_DEBUG_INFO = INCLUDE_SOURCE;
				MTL_FAST_MATH = YES;
				ONLY_ACTIVE_ARCH = YES;
				SDKROOT = iphoneos;
				SWIFT_ACTIVE_COMPILATION_CONDITIONS = DEBUG;
				SWIFT_OPTIMIZATION_LEVEL = "-Onone";
			};
			name = Debug;
		};
		00421D3022377BC900B30D67 /* Release */ = {
			isa = XCBuildConfiguration;
			buildSettings = {
				ALWAYS_SEARCH_USER_PATHS = NO;
				CLANG_ANALYZER_NONNULL = YES;
				CLANG_ANALYZER_NUMBER_OBJECT_CONVERSION = YES_AGGRESSIVE;
				CLANG_CXX_LANGUAGE_STANDARD = "gnu++14";
				CLANG_CXX_LIBRARY = "libc++";
				CLANG_ENABLE_MODULES = YES;
				CLANG_ENABLE_OBJC_ARC = YES;
				CLANG_ENABLE_OBJC_WEAK = YES;
				CLANG_WARN_BLOCK_CAPTURE_AUTORELEASING = YES;
				CLANG_WARN_BOOL_CONVERSION = YES;
				CLANG_WARN_COMMA = YES;
				CLANG_WARN_CONSTANT_CONVERSION = YES;
				CLANG_WARN_DEPRECATED_OBJC_IMPLEMENTATIONS = YES;
				CLANG_WARN_DIRECT_OBJC_ISA_USAGE = YES_ERROR;
				CLANG_WARN_DOCUMENTATION_COMMENTS = YES;
				CLANG_WARN_EMPTY_BODY = YES;
				CLANG_WARN_ENUM_CONVERSION = YES;
				CLANG_WARN_INFINITE_RECURSION = YES;
				CLANG_WARN_INT_CONVERSION = YES;
				CLANG_WARN_NON_LITERAL_NULL_CONVERSION = YES;
				CLANG_WARN_OBJC_IMPLICIT_RETAIN_SELF = YES;
				CLANG_WARN_OBJC_LITERAL_CONVERSION = YES;
				CLANG_WARN_OBJC_ROOT_CLASS = YES_ERROR;
				CLANG_WARN_RANGE_LOOP_ANALYSIS = YES;
				CLANG_WARN_STRICT_PROTOTYPES = YES;
				CLANG_WARN_SUSPICIOUS_MOVE = YES;
				CLANG_WARN_UNGUARDED_AVAILABILITY = YES_AGGRESSIVE;
				CLANG_WARN_UNREACHABLE_CODE = YES;
				CLANG_WARN__DUPLICATE_METHOD_MATCH = YES;
				CODE_SIGN_IDENTITY = "iPhone Developer";
				COPY_PHASE_STRIP = NO;
				DEBUG_INFORMATION_FORMAT = "dwarf-with-dsym";
				ENABLE_NS_ASSERTIONS = NO;
				ENABLE_STRICT_OBJC_MSGSEND = YES;
				GCC_C_LANGUAGE_STANDARD = gnu11;
				GCC_NO_COMMON_BLOCKS = YES;
				GCC_WARN_64_TO_32_BIT_CONVERSION = YES;
				GCC_WARN_ABOUT_RETURN_TYPE = YES_ERROR;
				GCC_WARN_UNDECLARED_SELECTOR = YES;
				GCC_WARN_UNINITIALIZED_AUTOS = YES_AGGRESSIVE;
				GCC_WARN_UNUSED_FUNCTION = YES;
				GCC_WARN_UNUSED_VARIABLE = YES;
				IPHONEOS_DEPLOYMENT_TARGET = 12.1;
				MTL_ENABLE_DEBUG_INFO = NO;
				MTL_FAST_MATH = YES;
				SDKROOT = iphoneos;
				SWIFT_COMPILATION_MODE = wholemodule;
				SWIFT_OPTIMIZATION_LEVEL = "-O";
				VALIDATE_PRODUCT = YES;
			};
			name = Release;
		};
		00421D3222377BC900B30D67 /* Debug */ = {
			isa = XCBuildConfiguration;
			buildSettings = {
				ASSETCATALOG_COMPILER_APPICON_NAME = AppIcon;
				CODE_SIGN_STYLE = Automatic;
				DEVELOPMENT_TEAM = 727GSM3MHB;
				INFOPLIST_FILE = BullsEye2/Info.plist;
				LD_RUNPATH_SEARCH_PATHS = (
					"$(inherited)",
					"@executable_path/Frameworks",
				);
				PRODUCT_BUNDLE_IDENTIFIER = com.CodeStella.BullsEye2;
				PRODUCT_NAME = "$(TARGET_NAME)";
				SWIFT_VERSION = 4.2;
				TARGETED_DEVICE_FAMILY = "1,2";
			};
			name = Debug;
		};
		00421D3322377BC900B30D67 /* Release */ = {
			isa = XCBuildConfiguration;
			buildSettings = {
				ASSETCATALOG_COMPILER_APPICON_NAME = AppIcon;
				CODE_SIGN_STYLE = Automatic;
				DEVELOPMENT_TEAM = 727GSM3MHB;
				INFOPLIST_FILE = BullsEye2/Info.plist;
				LD_RUNPATH_SEARCH_PATHS = (
					"$(inherited)",
					"@executable_path/Frameworks",
				);
				PRODUCT_BUNDLE_IDENTIFIER = com.CodeStella.BullsEye2;
				PRODUCT_NAME = "$(TARGET_NAME)";
				SWIFT_VERSION = 4.2;
				TARGETED_DEVICE_FAMILY = "1,2";
			};
			name = Release;
		};
/* End XCBuildConfiguration section */

/* Begin XCConfigurationList section */
		00421D1A22377BB600B30D67 /* Build configuration list for PBXProject "BullsEye2" */ = {
			isa = XCConfigurationList;
			buildConfigurations = (
				00421D2F22377BC900B30D67 /* Debug */,
				00421D3022377BC900B30D67 /* Release */,
			);
			defaultConfigurationIsVisible = 0;
			defaultConfigurationName = Release;
		};
		00421D3122377BC900B30D67 /* Build configuration list for PBXNativeTarget "BullsEye2" */ = {
			isa = XCConfigurationList;
			buildConfigurations = (
				00421D3222377BC900B30D67 /* Debug */,
				00421D3322377BC900B30D67 /* Release */,
			);
			defaultConfigurationIsVisible = 0;
			defaultConfigurationName = Release;
		};
/* End XCConfigurationList section */
	};
	rootObject = 00421D1722377BB600B30D67 /* Project object */;
}
